// !$*UTF8*$!
{
	archiveVersion = 1;
	classes = {
	};
	objectVersion = 46;
	objects = {

/* Begin PBXBuildFile section */
		55F9ED8943FD9B640A86915F /* libPods-Palette.a in Frameworks */ = {isa = PBXBuildFile; fileRef = A1665AFED72A3EF5E40B8671 /* libPods-Palette.a */; };
		A30852AD1F5AC830003978C9 /* Main.storyboard in Resources */ = {isa = PBXBuildFile; fileRef = A30852AC1F5AC830003978C9 /* Main.storyboard */; };
		A30852B01F5AC87A003978C9 /* MainTBC.m in Sources */ = {isa = PBXBuildFile; fileRef = A30852AF1F5AC87A003978C9 /* MainTBC.m */; };
		A30852B31F5AC905003978C9 /* Gallery.storyboard in Resources */ = {isa = PBXBuildFile; fileRef = A30852B21F5AC905003978C9 /* Gallery.storyboard */; };
		A30852B61F5AC927003978C9 /* GalleryVC.m in Sources */ = {isa = PBXBuildFile; fileRef = A30852B51F5AC927003978C9 /* GalleryVC.m */; };
		A30852B91F5ACAA2003978C9 /* GalleryTV.m in Sources */ = {isa = PBXBuildFile; fileRef = A30852B81F5ACAA2003978C9 /* GalleryTV.m */; };
		A30852BC1F5ACABA003978C9 /* GalleryTVC.m in Sources */ = {isa = PBXBuildFile; fileRef = A30852BB1F5ACABA003978C9 /* GalleryTVC.m */; };
		A30852C11F5ADEFE003978C9 /* IRANYekanMobileBold.ttf in Resources */ = {isa = PBXBuildFile; fileRef = A30852BE1F5ADEFE003978C9 /* IRANYekanMobileBold.ttf */; };
		A30852C21F5ADEFE003978C9 /* IRANYekanMobileLight.ttf in Resources */ = {isa = PBXBuildFile; fileRef = A30852BF1F5ADEFE003978C9 /* IRANYekanMobileLight.ttf */; };
		A30852C31F5ADEFE003978C9 /* IRANYekanMobileRegular.ttf in Resources */ = {isa = PBXBuildFile; fileRef = A30852C01F5ADEFE003978C9 /* IRANYekanMobileRegular.ttf */; };
		A30852C91F5ADF21003978C9 /* IRANSansMobile(FaNum)_Bold.ttf in Resources */ = {isa = PBXBuildFile; fileRef = A30852C41F5ADF21003978C9 /* IRANSansMobile(FaNum)_Bold.ttf */; };
		A30852CA1F5ADF21003978C9 /* IRANSansMobile(FaNum)_Light.ttf in Resources */ = {isa = PBXBuildFile; fileRef = A30852C51F5ADF21003978C9 /* IRANSansMobile(FaNum)_Light.ttf */; };
		A30852CB1F5ADF21003978C9 /* IRANSansMobile(FaNum)_Medium.ttf in Resources */ = {isa = PBXBuildFile; fileRef = A30852C61F5ADF21003978C9 /* IRANSansMobile(FaNum)_Medium.ttf */; };
		A30852CC1F5ADF21003978C9 /* IRANSansMobile(FaNum)_UltraLight.ttf in Resources */ = {isa = PBXBuildFile; fileRef = A30852C71F5ADF21003978C9 /* IRANSansMobile(FaNum)_UltraLight.ttf */; };
		A30852CD1F5ADF21003978C9 /* IRANSansMobile(FaNum).ttf in Resources */ = {isa = PBXBuildFile; fileRef = A30852C81F5ADF21003978C9 /* IRANSansMobile(FaNum).ttf */; };
		A30852D01F5AF0A3003978C9 /* Event.storyboard in Resources */ = {isa = PBXBuildFile; fileRef = A30852CF1F5AF0A3003978C9 /* Event.storyboard */; };
		A30852D31F5AF0B4003978C9 /* EventVC.m in Sources */ = {isa = PBXBuildFile; fileRef = A30852D21F5AF0B4003978C9 /* EventVC.m */; };
		A30852D61F5AF0CE003978C9 /* EventCV.m in Sources */ = {isa = PBXBuildFile; fileRef = A30852D51F5AF0CE003978C9 /* EventCV.m */; };
		A30852D91F5AF0E1003978C9 /* EventCVC.m in Sources */ = {isa = PBXBuildFile; fileRef = A30852D81F5AF0E1003978C9 /* EventCVC.m */; };
		A3937C3A1F5C12AF005C117C /* EventCVL.m in Sources */ = {isa = PBXBuildFile; fileRef = A3937C391F5C12AF005C117C /* EventCVL.m */; };
		A39CCDC61F58FCED00AF611F /* UITextView+AMSExtension.m in Sources */ = {isa = PBXBuildFile; fileRef = A39CCDC11F58FCED00AF611F /* UITextView+AMSExtension.m */; };
		A39CCDC71F58FCED00AF611F /* UIView+AMSExtension.m in Sources */ = {isa = PBXBuildFile; fileRef = A39CCDC31F58FCED00AF611F /* UIView+AMSExtension.m */; };
		A39CCDC81F58FCED00AF611F /* UIImage+AMSExtension.m in Sources */ = {isa = PBXBuildFile; fileRef = A39CCDC51F58FCED00AF611F /* UIImage+AMSExtension.m */; };
		A39CCDD21F58FD3B00AF611F /* Helper_Palette.m in Sources */ = {isa = PBXBuildFile; fileRef = A39CCDCC1F58FD3B00AF611F /* Helper_Palette.m */; };
		A39CCDD31F58FD3B00AF611F /* Helper_Connectivity.m in Sources */ = {isa = PBXBuildFile; fileRef = A39CCDCE1F58FD3B00AF611F /* Helper_Connectivity.m */; };
		A39CCDD41F58FD3B00AF611F /* ServerErrors.m in Sources */ = {isa = PBXBuildFile; fileRef = A39CCDD01F58FD3B00AF611F /* ServerErrors.m */; };
		A3DA7E361F5D83D600D4A73A /* MyHomeBaseNavC.m in Sources */ = {isa = PBXBuildFile; fileRef = A3DA7E351F5D83D600D4A73A /* MyHomeBaseNavC.m */; };
		A3E2BEA61F5818B400F33E83 /* main.m in Sources */ = {isa = PBXBuildFile; fileRef = A3E2BEA51F5818B400F33E83 /* main.m */; };
		A3E2BEA91F5818B400F33E83 /* AppDelegate.m in Sources */ = {isa = PBXBuildFile; fileRef = A3E2BEA81F5818B400F33E83 /* AppDelegate.m */; };
		A3E2BEB11F5818B400F33E83 /* Assets.xcassets in Resources */ = {isa = PBXBuildFile; fileRef = A3E2BEB01F5818B400F33E83 /* Assets.xcassets */; };
		A3E2BEB41F5818B400F33E83 /* LaunchScreen.storyboard in Resources */ = {isa = PBXBuildFile; fileRef = A3E2BEB21F5818B400F33E83 /* LaunchScreen.storyboard */; };
/* End PBXBuildFile section */

/* Begin PBXFileReference section */
		77CAF3C6123B48FA98F7A6AC /* Pods-Palette.debug.xcconfig */ = {isa = PBXFileReference; includeInIndex = 1; lastKnownFileType = text.xcconfig; name = "Pods-Palette.debug.xcconfig"; path = "Pods/Target Support Files/Pods-Palette/Pods-Palette.debug.xcconfig"; sourceTree = "<group>"; };
		93B846AEFD91E0EA28B5A5AB /* Pods-Palette.release.xcconfig */ = {isa = PBXFileReference; includeInIndex = 1; lastKnownFileType = text.xcconfig; name = "Pods-Palette.release.xcconfig"; path = "Pods/Target Support Files/Pods-Palette/Pods-Palette.release.xcconfig"; sourceTree = "<group>"; };
		A1665AFED72A3EF5E40B8671 /* libPods-Palette.a */ = {isa = PBXFileReference; explicitFileType = archive.ar; includeInIndex = 0; path = "libPods-Palette.a"; sourceTree = BUILT_PRODUCTS_DIR; };
		A30852AC1F5AC830003978C9 /* Main.storyboard */ = {isa = PBXFileReference; fileEncoding = 4; lastKnownFileType = file.storyboard; path = Main.storyboard; sourceTree = "<group>"; };
		A30852AE1F5AC87A003978C9 /* MainTBC.h */ = {isa = PBXFileReference; fileEncoding = 4; lastKnownFileType = sourcecode.c.h; path = MainTBC.h; sourceTree = "<group>"; };
		A30852AF1F5AC87A003978C9 /* MainTBC.m */ = {isa = PBXFileReference; fileEncoding = 4; lastKnownFileType = sourcecode.c.objc; path = MainTBC.m; sourceTree = "<group>"; };
		A30852B21F5AC905003978C9 /* Gallery.storyboard */ = {isa = PBXFileReference; fileEncoding = 4; lastKnownFileType = file.storyboard; path = Gallery.storyboard; sourceTree = "<group>"; };
		A30852B41F5AC927003978C9 /* GalleryVC.h */ = {isa = PBXFileReference; fileEncoding = 4; lastKnownFileType = sourcecode.c.h; path = GalleryVC.h; sourceTree = "<group>"; };
		A30852B51F5AC927003978C9 /* GalleryVC.m */ = {isa = PBXFileReference; fileEncoding = 4; lastKnownFileType = sourcecode.c.objc; path = GalleryVC.m; sourceTree = "<group>"; };
		A30852B71F5ACAA2003978C9 /* GalleryTV.h */ = {isa = PBXFileReference; fileEncoding = 4; lastKnownFileType = sourcecode.c.h; path = GalleryTV.h; sourceTree = "<group>"; };
		A30852B81F5ACAA2003978C9 /* GalleryTV.m */ = {isa = PBXFileReference; fileEncoding = 4; lastKnownFileType = sourcecode.c.objc; path = GalleryTV.m; sourceTree = "<group>"; };
		A30852BA1F5ACABA003978C9 /* GalleryTVC.h */ = {isa = PBXFileReference; fileEncoding = 4; lastKnownFileType = sourcecode.c.h; path = GalleryTVC.h; sourceTree = "<group>"; };
		A30852BB1F5ACABA003978C9 /* GalleryTVC.m */ = {isa = PBXFileReference; fileEncoding = 4; lastKnownFileType = sourcecode.c.objc; path = GalleryTVC.m; sourceTree = "<group>"; };
		A30852BE1F5ADEFE003978C9 /* IRANYekanMobileBold.ttf */ = {isa = PBXFileReference; lastKnownFileType = file; path = IRANYekanMobileBold.ttf; sourceTree = "<group>"; };
		A30852BF1F5ADEFE003978C9 /* IRANYekanMobileLight.ttf */ = {isa = PBXFileReference; lastKnownFileType = file; path = IRANYekanMobileLight.ttf; sourceTree = "<group>"; };
		A30852C01F5ADEFE003978C9 /* IRANYekanMobileRegular.ttf */ = {isa = PBXFileReference; lastKnownFileType = file; path = IRANYekanMobileRegular.ttf; sourceTree = "<group>"; };
		A30852C41F5ADF21003978C9 /* IRANSansMobile(FaNum)_Bold.ttf */ = {isa = PBXFileReference; lastKnownFileType = file; path = "IRANSansMobile(FaNum)_Bold.ttf"; sourceTree = "<group>"; };
		A30852C51F5ADF21003978C9 /* IRANSansMobile(FaNum)_Light.ttf */ = {isa = PBXFileReference; lastKnownFileType = file; path = "IRANSansMobile(FaNum)_Light.ttf"; sourceTree = "<group>"; };
		A30852C61F5ADF21003978C9 /* IRANSansMobile(FaNum)_Medium.ttf */ = {isa = PBXFileReference; lastKnownFileType = file; path = "IRANSansMobile(FaNum)_Medium.ttf"; sourceTree = "<group>"; };
		A30852C71F5ADF21003978C9 /* IRANSansMobile(FaNum)_UltraLight.ttf */ = {isa = PBXFileReference; lastKnownFileType = file; path = "IRANSansMobile(FaNum)_UltraLight.ttf"; sourceTree = "<group>"; };
		A30852C81F5ADF21003978C9 /* IRANSansMobile(FaNum).ttf */ = {isa = PBXFileReference; lastKnownFileType = file; path = "IRANSansMobile(FaNum).ttf"; sourceTree = "<group>"; };
		A30852CF1F5AF0A3003978C9 /* Event.storyboard */ = {isa = PBXFileReference; fileEncoding = 4; lastKnownFileType = file.storyboard; path = Event.storyboard; sourceTree = "<group>"; };
		A30852D11F5AF0B4003978C9 /* EventVC.h */ = {isa = PBXFileReference; fileEncoding = 4; lastKnownFileType = sourcecode.c.h; path = EventVC.h; sourceTree = "<group>"; };
		A30852D21F5AF0B4003978C9 /* EventVC.m */ = {isa = PBXFileReference; fileEncoding = 4; lastKnownFileType = sourcecode.c.objc; path = EventVC.m; sourceTree = "<group>"; };
		A30852D41F5AF0CE003978C9 /* EventCV.h */ = {isa = PBXFileReference; fileEncoding = 4; lastKnownFileType = sourcecode.c.h; path = EventCV.h; sourceTree = "<group>"; };
		A30852D51F5AF0CE003978C9 /* EventCV.m */ = {isa = PBXFileReference; fileEncoding = 4; lastKnownFileType = sourcecode.c.objc; path = EventCV.m; sourceTree = "<group>"; };
		A30852D71F5AF0E1003978C9 /* EventCVC.h */ = {isa = PBXFileReference; fileEncoding = 4; lastKnownFileType = sourcecode.c.h; path = EventCVC.h; sourceTree = "<group>"; };
		A30852D81F5AF0E1003978C9 /* EventCVC.m */ = {isa = PBXFileReference; fileEncoding = 4; lastKnownFileType = sourcecode.c.objc; path = EventCVC.m; sourceTree = "<group>"; };
		A3937C381F5C12AF005C117C /* EventCVL.h */ = {isa = PBXFileReference; fileEncoding = 4; lastKnownFileType = sourcecode.c.h; path = EventCVL.h; sourceTree = "<group>"; };
		A3937C391F5C12AF005C117C /* EventCVL.m */ = {isa = PBXFileReference; fileEncoding = 4; lastKnownFileType = sourcecode.c.objc; path = EventCVL.m; sourceTree = "<group>"; };
		A39CCDC01F58FCED00AF611F /* UITextView+AMSExtension.h */ = {isa = PBXFileReference; fileEncoding = 4; lastKnownFileType = sourcecode.c.h; path = "UITextView+AMSExtension.h"; sourceTree = "<group>"; };
		A39CCDC11F58FCED00AF611F /* UITextView+AMSExtension.m */ = {isa = PBXFileReference; fileEncoding = 4; lastKnownFileType = sourcecode.c.objc; path = "UITextView+AMSExtension.m"; sourceTree = "<group>"; };
		A39CCDC21F58FCED00AF611F /* UIView+AMSExtension.h */ = {isa = PBXFileReference; fileEncoding = 4; lastKnownFileType = sourcecode.c.h; path = "UIView+AMSExtension.h"; sourceTree = "<group>"; };
		A39CCDC31F58FCED00AF611F /* UIView+AMSExtension.m */ = {isa = PBXFileReference; fileEncoding = 4; lastKnownFileType = sourcecode.c.objc; path = "UIView+AMSExtension.m"; sourceTree = "<group>"; };
		A39CCDC41F58FCED00AF611F /* UIImage+AMSExtension.h */ = {isa = PBXFileReference; fileEncoding = 4; lastKnownFileType = sourcecode.c.h; path = "UIImage+AMSExtension.h"; sourceTree = "<group>"; };
		A39CCDC51F58FCED00AF611F /* UIImage+AMSExtension.m */ = {isa = PBXFileReference; fileEncoding = 4; lastKnownFileType = sourcecode.c.objc; path = "UIImage+AMSExtension.m"; sourceTree = "<group>"; };
		A39CCDCB1F58FD3B00AF611F /* Helper_Palette.h */ = {isa = PBXFileReference; fileEncoding = 4; lastKnownFileType = sourcecode.c.h; path = Helper_Palette.h; sourceTree = "<group>"; };
		A39CCDCC1F58FD3B00AF611F /* Helper_Palette.m */ = {isa = PBXFileReference; fileEncoding = 4; lastKnownFileType = sourcecode.c.objc; path = Helper_Palette.m; sourceTree = "<group>"; };
		A39CCDCD1F58FD3B00AF611F /* Helper_Connectivity.h */ = {isa = PBXFileReference; fileEncoding = 4; lastKnownFileType = sourcecode.c.h; path = Helper_Connectivity.h; sourceTree = "<group>"; };
		A39CCDCE1F58FD3B00AF611F /* Helper_Connectivity.m */ = {isa = PBXFileReference; fileEncoding = 4; lastKnownFileType = sourcecode.c.objc; path = Helper_Connectivity.m; sourceTree = "<group>"; };
		A39CCDCF1F58FD3B00AF611F /* ServerErrors.h */ = {isa = PBXFileReference; fileEncoding = 4; lastKnownFileType = sourcecode.c.h; path = ServerErrors.h; sourceTree = "<group>"; };
		A39CCDD01F58FD3B00AF611F /* ServerErrors.m */ = {isa = PBXFileReference; fileEncoding = 4; lastKnownFileType = sourcecode.c.objc; path = ServerErrors.m; sourceTree = "<group>"; };
		A39CCDD11F58FD3B00AF611F /* Palette.pch */ = {isa = PBXFileReference; fileEncoding = 4; lastKnownFileType = sourcecode.c.h; path = Palette.pch; sourceTree = "<group>"; };
		A3DA7E341F5D83D600D4A73A /* MyHomeBaseNavC.h */ = {isa = PBXFileReference; fileEncoding = 4; lastKnownFileType = sourcecode.c.h; path = MyHomeBaseNavC.h; sourceTree = "<group>"; };
		A3DA7E351F5D83D600D4A73A /* MyHomeBaseNavC.m */ = {isa = PBXFileReference; fileEncoding = 4; lastKnownFileType = sourcecode.c.objc; path = MyHomeBaseNavC.m; sourceTree = "<group>"; };
		A3E2BEA11F5818B400F33E83 /* Palette.app */ = {isa = PBXFileReference; explicitFileType = wrapper.application; includeInIndex = 0; path = Palette.app; sourceTree = BUILT_PRODUCTS_DIR; };
		A3E2BEA51F5818B400F33E83 /* main.m */ = {isa = PBXFileReference; lastKnownFileType = sourcecode.c.objc; path = main.m; sourceTree = "<group>"; };
		A3E2BEA71F5818B400F33E83 /* AppDelegate.h */ = {isa = PBXFileReference; lastKnownFileType = sourcecode.c.h; path = AppDelegate.h; sourceTree = "<group>"; };
		A3E2BEA81F5818B400F33E83 /* AppDelegate.m */ = {isa = PBXFileReference; lastKnownFileType = sourcecode.c.objc; path = AppDelegate.m; sourceTree = "<group>"; };
		A3E2BEB01F5818B400F33E83 /* Assets.xcassets */ = {isa = PBXFileReference; lastKnownFileType = folder.assetcatalog; path = Assets.xcassets; sourceTree = "<group>"; };
		A3E2BEB31F5818B400F33E83 /* Base */ = {isa = PBXFileReference; lastKnownFileType = file.storyboard; name = Base; path = Base.lproj/LaunchScreen.storyboard; sourceTree = "<group>"; };
		A3E2BEB51F5818B400F33E83 /* Info.plist */ = {isa = PBXFileReference; lastKnownFileType = text.plist.xml; path = Info.plist; sourceTree = "<group>"; };
/* End PBXFileReference section */

/* Begin PBXFrameworksBuildPhase section */
		A3E2BE9E1F5818B400F33E83 /* Frameworks */ = {
			isa = PBXFrameworksBuildPhase;
			buildActionMask = 2147483647;
			files = (
				55F9ED8943FD9B640A86915F /* libPods-Palette.a in Frameworks */,
			);
			runOnlyForDeploymentPostprocessing = 0;
		};
/* End PBXFrameworksBuildPhase section */

/* Begin PBXGroup section */
		0226A8C38647562387FEBF56 /* Frameworks */ = {
			isa = PBXGroup;
			children = (
				A1665AFED72A3EF5E40B8671 /* libPods-Palette.a */,
			);
			name = Frameworks;
			sourceTree = "<group>";
		};
		777F7D405E3B244C237ECA2E /* Pods */ = {
			isa = PBXGroup;
			children = (
				77CAF3C6123B48FA98F7A6AC /* Pods-Palette.debug.xcconfig */,
				93B846AEFD91E0EA28B5A5AB /* Pods-Palette.release.xcconfig */,
			);
			name = Pods;
			sourceTree = "<group>";
		};
		A30852B11F5AC8F6003978C9 /* Gallery */ = {
			isa = PBXGroup;
			children = (
				A30852B41F5AC927003978C9 /* GalleryVC.h */,
				A30852B51F5AC927003978C9 /* GalleryVC.m */,
				A30852B71F5ACAA2003978C9 /* GalleryTV.h */,
				A30852B81F5ACAA2003978C9 /* GalleryTV.m */,
				A30852BA1F5ACABA003978C9 /* GalleryTVC.h */,
				A30852BB1F5ACABA003978C9 /* GalleryTVC.m */,
				A30852B21F5AC905003978C9 /* Gallery.storyboard */,
			);
			name = Gallery;
			sourceTree = "<group>";
		};
		A30852BD1F5ADDF8003978C9 /* Fonts */ = {
			isa = PBXGroup;
			children = (
				A30852BE1F5ADEFE003978C9 /* IRANYekanMobileBold.ttf */,
				A30852BF1F5ADEFE003978C9 /* IRANYekanMobileLight.ttf */,
				A30852C01F5ADEFE003978C9 /* IRANYekanMobileRegular.ttf */,
				A30852C41F5ADF21003978C9 /* IRANSansMobile(FaNum)_Bold.ttf */,
				A30852C51F5ADF21003978C9 /* IRANSansMobile(FaNum)_Light.ttf */,
				A30852C61F5ADF21003978C9 /* IRANSansMobile(FaNum)_Medium.ttf */,
				A30852C71F5ADF21003978C9 /* IRANSansMobile(FaNum)_UltraLight.ttf */,
				A30852C81F5ADF21003978C9 /* IRANSansMobile(FaNum).ttf */,
			);
			name = Fonts;
			sourceTree = "<group>";
		};
		A30852CE1F5AF08E003978C9 /* Event */ = {
			isa = PBXGroup;
			children = (
				A30852D11F5AF0B4003978C9 /* EventVC.h */,
				A30852D21F5AF0B4003978C9 /* EventVC.m */,
				A30852D41F5AF0CE003978C9 /* EventCV.h */,
				A30852D51F5AF0CE003978C9 /* EventCV.m */,
				A3937C381F5C12AF005C117C /* EventCVL.h */,
				A3937C391F5C12AF005C117C /* EventCVL.m */,
				A30852D71F5AF0E1003978C9 /* EventCVC.h */,
				A30852D81F5AF0E1003978C9 /* EventCVC.m */,
				A30852CF1F5AF0A3003978C9 /* Event.storyboard */,
			);
			name = Event;
			sourceTree = "<group>";
		};
		A39CCDBF1F58FCD600AF611F /* Extension */ = {
			isa = PBXGroup;
			children = (
				A39CCDC01F58FCED00AF611F /* UITextView+AMSExtension.h */,
				A39CCDC11F58FCED00AF611F /* UITextView+AMSExtension.m */,
				A39CCDC21F58FCED00AF611F /* UIView+AMSExtension.h */,
				A39CCDC31F58FCED00AF611F /* UIView+AMSExtension.m */,
				A39CCDC41F58FCED00AF611F /* UIImage+AMSExtension.h */,
				A39CCDC51F58FCED00AF611F /* UIImage+AMSExtension.m */,
			);
			name = Extension;
			sourceTree = "<group>";
		};
		A39CCDC91F58FD0300AF611F /* Pictures */ = {
			isa = PBXGroup;
			children = (
				A3E2BEB01F5818B400F33E83 /* Assets.xcassets */,
			);
			name = Pictures;
			sourceTree = "<group>";
		};
		A39CCDCA1F58FD2E00AF611F /* Helper */ = {
			isa = PBXGroup;
			children = (
				A39CCDCB1F58FD3B00AF611F /* Helper_Palette.h */,
				A39CCDCC1F58FD3B00AF611F /* Helper_Palette.m */,
				A39CCDCD1F58FD3B00AF611F /* Helper_Connectivity.h */,
				A39CCDCE1F58FD3B00AF611F /* Helper_Connectivity.m */,
				A39CCDCF1F58FD3B00AF611F /* ServerErrors.h */,
				A39CCDD01F58FD3B00AF611F /* ServerErrors.m */,
				A39CCDD11F58FD3B00AF611F /* Palette.pch */,
			);
			name = Helper;
			sourceTree = "<group>";
		};
		A3E2BE981F5818B400F33E83 = {
			isa = PBXGroup;
			children = (
				A3E2BEA31F5818B400F33E83 /* Palette */,
				A3E2BEA21F5818B400F33E83 /* Products */,
				777F7D405E3B244C237ECA2E /* Pods */,
				0226A8C38647562387FEBF56 /* Frameworks */,
			);
			sourceTree = "<group>";
		};
		A3E2BEA21F5818B400F33E83 /* Products */ = {
			isa = PBXGroup;
			children = (
				A3E2BEA11F5818B400F33E83 /* Palette.app */,
			);
			name = Products;
			sourceTree = "<group>";
		};
		A3E2BEA31F5818B400F33E83 /* Palette */ = {
			isa = PBXGroup;
			children = (
				A3E2BEA71F5818B400F33E83 /* AppDelegate.h */,
				A3E2BEA81F5818B400F33E83 /* AppDelegate.m */,
				A30852AE1F5AC87A003978C9 /* MainTBC.h */,
				A30852AF1F5AC87A003978C9 /* MainTBC.m */,
				A3DA7E341F5D83D600D4A73A /* MyHomeBaseNavC.h */,
				A3DA7E351F5D83D600D4A73A /* MyHomeBaseNavC.m */,
				A30852AC1F5AC830003978C9 /* Main.storyboard */,
				A30852B11F5AC8F6003978C9 /* Gallery */,
				A30852CE1F5AF08E003978C9 /* Event */,
				A39CCDCA1F58FD2E00AF611F /* Helper */,
				A39CCDBF1F58FCD600AF611F /* Extension */,
				A39CCDC91F58FD0300AF611F /* Pictures */,
				A30852BD1F5ADDF8003978C9 /* Fonts */,
				A3E2BEA41F5818B400F33E83 /* Supporting Files */,
			);
			path = Palette;
			sourceTree = "<group>";
		};
		A3E2BEA41F5818B400F33E83 /* Supporting Files */ = {
			isa = PBXGroup;
			children = (
				A3E2BEB21F5818B400F33E83 /* LaunchScreen.storyboard */,
				A3E2BEB51F5818B400F33E83 /* Info.plist */,
				A3E2BEA51F5818B400F33E83 /* main.m */,
			);
			name = "Supporting Files";
			sourceTree = "<group>";
		};
/* End PBXGroup section */

/* Begin PBXNativeTarget section */
		A3E2BEA01F5818B400F33E83 /* Palette */ = {
			isa = PBXNativeTarget;
			buildConfigurationList = A3E2BEB81F5818B400F33E83 /* Build configuration list for PBXNativeTarget "Palette" */;
			buildPhases = (
				E4F8BA6C2E2AD77A271AB7B0 /* [CP] Check Pods Manifest.lock */,
				A3E2BE9D1F5818B400F33E83 /* Sources */,
				A3E2BE9E1F5818B400F33E83 /* Frameworks */,
				A3E2BE9F1F5818B400F33E83 /* Resources */,
				B832059756DA2BAAD5A281BD /* [CP] Embed Pods Frameworks */,
				4484ED5E3A2F0D02B9A04CEA /* [CP] Copy Pods Resources */,
			);
			buildRules = (
			);
			dependencies = (
			);
			name = Palette;
			productName = Palette;
			productReference = A3E2BEA11F5818B400F33E83 /* Palette.app */;
			productType = "com.apple.product-type.application";
		};
/* End PBXNativeTarget section */

/* Begin PBXProject section */
		A3E2BE991F5818B400F33E83 /* Project object */ = {
			isa = PBXProject;
			attributes = {
				LastUpgradeCheck = 0830;
				ORGANIZATIONNAME = "Ali Soume`e";
				TargetAttributes = {
					A3E2BEA01F5818B400F33E83 = {
						CreatedOnToolsVersion = 8.3.3;
						DevelopmentTeam = 4486G5N4E6;
						ProvisioningStyle = Automatic;
					};
				};
			};
			buildConfigurationList = A3E2BE9C1F5818B400F33E83 /* Build configuration list for PBXProject "Palette" */;
			compatibilityVersion = "Xcode 3.2";
			developmentRegion = English;
			hasScannedForEncodings = 0;
			knownRegions = (
				en,
				Base,
			);
			mainGroup = A3E2BE981F5818B400F33E83;
			productRefGroup = A3E2BEA21F5818B400F33E83 /* Products */;
			projectDirPath = "";
			projectRoot = "";
			targets = (
				A3E2BEA01F5818B400F33E83 /* Palette */,
			);
		};
/* End PBXProject section */

/* Begin PBXResourcesBuildPhase section */
		A3E2BE9F1F5818B400F33E83 /* Resources */ = {
			isa = PBXResourcesBuildPhase;
			buildActionMask = 2147483647;
			files = (
				A30852AD1F5AC830003978C9 /* Main.storyboard in Resources */,
				A30852C91F5ADF21003978C9 /* IRANSansMobile(FaNum)_Bold.ttf in Resources */,
				A30852B31F5AC905003978C9 /* Gallery.storyboard in Resources */,
				A30852C11F5ADEFE003978C9 /* IRANYekanMobileBold.ttf in Resources */,
				A30852CD1F5ADF21003978C9 /* IRANSansMobile(FaNum).ttf in Resources */,
				A30852CC1F5ADF21003978C9 /* IRANSansMobile(FaNum)_UltraLight.ttf in Resources */,
				A30852CA1F5ADF21003978C9 /* IRANSansMobile(FaNum)_Light.ttf in Resources */,
				A30852C31F5ADEFE003978C9 /* IRANYekanMobileRegular.ttf in Resources */,
				A30852CB1F5ADF21003978C9 /* IRANSansMobile(FaNum)_Medium.ttf in Resources */,
				A3E2BEB41F5818B400F33E83 /* LaunchScreen.storyboard in Resources */,
				A30852C21F5ADEFE003978C9 /* IRANYekanMobileLight.ttf in Resources */,
				A3E2BEB11F5818B400F33E83 /* Assets.xcassets in Resources */,
				A30852D01F5AF0A3003978C9 /* Event.storyboard in Resources */,
			);
			runOnlyForDeploymentPostprocessing = 0;
		};
/* End PBXResourcesBuildPhase section */

/* Begin PBXShellScriptBuildPhase section */
		4484ED5E3A2F0D02B9A04CEA /* [CP] Copy Pods Resources */ = {
			isa = PBXShellScriptBuildPhase;
			buildActionMask = 2147483647;
			files = (
			);
			inputPaths = (
			);
			name = "[CP] Copy Pods Resources";
			outputPaths = (
			);
			runOnlyForDeploymentPostprocessing = 0;
			shellPath = /bin/sh;
			shellScript = "\"${SRCROOT}/Pods/Target Support Files/Pods-Palette/Pods-Palette-resources.sh\"\n";
			showEnvVarsInLog = 0;
		};
		B832059756DA2BAAD5A281BD /* [CP] Embed Pods Frameworks */ = {
			isa = PBXShellScriptBuildPhase;
			buildActionMask = 2147483647;
			files = (
			);
			inputPaths = (
			);
			name = "[CP] Embed Pods Frameworks";
			outputPaths = (
			);
			runOnlyForDeploymentPostprocessing = 0;
			shellPath = /bin/sh;
			shellScript = "\"${SRCROOT}/Pods/Target Support Files/Pods-Palette/Pods-Palette-frameworks.sh\"\n";
			showEnvVarsInLog = 0;
		};
		E4F8BA6C2E2AD77A271AB7B0 /* [CP] Check Pods Manifest.lock */ = {
			isa = PBXShellScriptBuildPhase;
			buildActionMask = 2147483647;
			files = (
			);
			inputPaths = (
			);
			name = "[CP] Check Pods Manifest.lock";
			outputPaths = (
			);
			runOnlyForDeploymentPostprocessing = 0;
			shellPath = /bin/sh;
			shellScript = "diff \"${PODS_ROOT}/../Podfile.lock\" \"${PODS_ROOT}/Manifest.lock\" > /dev/null\nif [ $? != 0 ] ; then\n    # print error to STDERR\n    echo \"error: The sandbox is not in sync with the Podfile.lock. Run 'pod install' or update your CocoaPods installation.\" >&2\n    exit 1\nfi\n";
			showEnvVarsInLog = 0;
		};
/* End PBXShellScriptBuildPhase section */

/* Begin PBXSourcesBuildPhase section */
		A3E2BE9D1F5818B400F33E83 /* Sources */ = {
			isa = PBXSourcesBuildPhase;
			buildActionMask = 2147483647;
			files = (
				A39CCDC71F58FCED00AF611F /* UIView+AMSExtension.m in Sources */,
				A30852D61F5AF0CE003978C9 /* EventCV.m in Sources */,
				A3E2BEA91F5818B400F33E83 /* AppDelegate.m in Sources */,
				A30852D91F5AF0E1003978C9 /* EventCVC.m in Sources */,
				A39CCDD21F58FD3B00AF611F /* Helper_Palette.m in Sources */,
				A3E2BEA61F5818B400F33E83 /* main.m in Sources */,
				A39CCDC61F58FCED00AF611F /* UITextView+AMSExtension.m in Sources */,
				A39CCDD31F58FD3B00AF611F /* Helper_Connectivity.m in Sources */,
				A39CCDD41F58FD3B00AF611F /* ServerErrors.m in Sources */,
				A30852B01F5AC87A003978C9 /* MainTBC.m in Sources */,
				A30852BC1F5ACABA003978C9 /* GalleryTVC.m in Sources */,
				A30852D31F5AF0B4003978C9 /* EventVC.m in Sources */,
				A3937C3A1F5C12AF005C117C /* EventCVL.m in Sources */,
				A39CCDC81F58FCED00AF611F /* UIImage+AMSExtension.m in Sources */,
				A30852B61F5AC927003978C9 /* GalleryVC.m in Sources */,
				A30852B91F5ACAA2003978C9 /* GalleryTV.m in Sources */,
				A3DA7E361F5D83D600D4A73A /* MyHomeBaseNavC.m in Sources */,
			);
			runOnlyForDeploymentPostprocessing = 0;
		};
/* End PBXSourcesBuildPhase section */

/* Begin PBXVariantGroup section */
		A3E2BEB21F5818B400F33E83 /* LaunchScreen.storyboard */ = {
			isa = PBXVariantGroup;
			children = (
				A3E2BEB31F5818B400F33E83 /* Base */,
			);
			name = LaunchScreen.storyboard;
			sourceTree = "<group>";
		};
/* End PBXVariantGroup section */

/* Begin XCBuildConfiguration section */
		A3E2BEB61F5818B400F33E83 /* Debug */ = {
			isa = XCBuildConfiguration;
			buildSettings = {
				ALWAYS_SEARCH_USER_PATHS = NO;
				CLANG_ANALYZER_NONNULL = YES;
				CLANG_ANALYZER_NUMBER_OBJECT_CONVERSION = YES_AGGRESSIVE;
				CLANG_CXX_LANGUAGE_STANDARD = "gnu++0x";
				CLANG_CXX_LIBRARY = "libc++";
				CLANG_ENABLE_MODULES = YES;
				CLANG_ENABLE_OBJC_ARC = YES;
				CLANG_WARN_BOOL_CONVERSION = YES;
				CLANG_WARN_CONSTANT_CONVERSION = YES;
				CLANG_WARN_DIRECT_OBJC_ISA_USAGE = YES_ERROR;
				CLANG_WARN_DOCUMENTATION_COMMENTS = YES;
				CLANG_WARN_EMPTY_BODY = YES;
				CLANG_WARN_ENUM_CONVERSION = YES;
				CLANG_WARN_INFINITE_RECURSION = YES;
				CLANG_WARN_INT_CONVERSION = YES;
				CLANG_WARN_OBJC_ROOT_CLASS = YES_ERROR;
				CLANG_WARN_SUSPICIOUS_MOVE = YES;
				CLANG_WARN_UNREACHABLE_CODE = YES;
				CLANG_WARN__DUPLICATE_METHOD_MATCH = YES;
				"CODE_SIGN_IDENTITY[sdk=iphoneos*]" = "iPhone Developer";
				COPY_PHASE_STRIP = NO;
				DEBUG_INFORMATION_FORMAT = dwarf;
				ENABLE_STRICT_OBJC_MSGSEND = YES;
				ENABLE_TESTABILITY = YES;
				GCC_C_LANGUAGE_STANDARD = gnu99;
				GCC_DYNAMIC_NO_PIC = NO;
				GCC_NO_COMMON_BLOCKS = YES;
				GCC_OPTIMIZATION_LEVEL = 0;
				GCC_PREPROCESSOR_DEFINITIONS = (
					"DEBUG=1",
					"$(inherited)",
				);
				GCC_WARN_64_TO_32_BIT_CONVERSION = YES;
				GCC_WARN_ABOUT_RETURN_TYPE = YES_ERROR;
				GCC_WARN_UNDECLARED_SELECTOR = YES;
				GCC_WARN_UNINITIALIZED_AUTOS = YES_AGGRESSIVE;
				GCC_WARN_UNUSED_FUNCTION = YES;
				GCC_WARN_UNUSED_VARIABLE = YES;
				IPHONEOS_DEPLOYMENT_TARGET = 10.3;
				MTL_ENABLE_DEBUG_INFO = YES;
				ONLY_ACTIVE_ARCH = YES;
				SDKROOT = iphoneos;
				TARGETED_DEVICE_FAMILY = "1,2";
			};
			name = Debug;
		};
		A3E2BEB71F5818B400F33E83 /* Release */ = {
			isa = XCBuildConfiguration;
			buildSettings = {
				ALWAYS_SEARCH_USER_PATHS = NO;
				CLANG_ANALYZER_NONNULL = YES;
				CLANG_ANALYZER_NUMBER_OBJECT_CONVERSION = YES_AGGRESSIVE;
				CLANG_CXX_LANGUAGE_STANDARD = "gnu++0x";
				CLANG_CXX_LIBRARY = "libc++";
				CLANG_ENABLE_MODULES = YES;
				CLANG_ENABLE_OBJC_ARC = YES;
				CLANG_WARN_BOOL_CONVERSION = YES;
				CLANG_WARN_CONSTANT_CONVERSION = YES;
				CLANG_WARN_DIRECT_OBJC_ISA_USAGE = YES_ERROR;
				CLANG_WARN_DOCUMENTATION_COMMENTS = YES;
				CLANG_WARN_EMPTY_BODY = YES;
				CLANG_WARN_ENUM_CONVERSION = YES;
				CLANG_WARN_INFINITE_RECURSION = YES;
				CLANG_WARN_INT_CONVERSION = YES;
				CLANG_WARN_OBJC_ROOT_CLASS = YES_ERROR;
				CLANG_WARN_SUSPICIOUS_MOVE = YES;
				CLANG_WARN_UNREACHABLE_CODE = YES;
				CLANG_WARN__DUPLICATE_METHOD_MATCH = YES;
				"CODE_SIGN_IDENTITY[sdk=iphoneos*]" = "iPhone Developer";
				COPY_PHASE_STRIP = NO;
				DEBUG_INFORMATION_FORMAT = "dwarf-with-dsym";
				ENABLE_NS_ASSERTIONS = NO;
				ENABLE_STRICT_OBJC_MSGSEND = YES;
				GCC_C_LANGUAGE_STANDARD = gnu99;
				GCC_NO_COMMON_BLOCKS = YES;
				GCC_WARN_64_TO_32_BIT_CONVERSION = YES;
				GCC_WARN_ABOUT_RETURN_TYPE = YES_ERROR;
				GCC_WARN_UNDECLARED_SELECTOR = YES;
				GCC_WARN_UNINITIALIZED_AUTOS = YES_AGGRESSIVE;
				GCC_WARN_UNUSED_FUNCTION = YES;
				GCC_WARN_UNUSED_VARIABLE = YES;
				IPHONEOS_DEPLOYMENT_TARGET = 10.3;
				MTL_ENABLE_DEBUG_INFO = NO;
				SDKROOT = iphoneos;
				TARGETED_DEVICE_FAMILY = "1,2";
				VALIDATE_PRODUCT = YES;
			};
			name = Release;
		};
		A3E2BEB91F5818B400F33E83 /* Debug */ = {
			isa = XCBuildConfiguration;
			baseConfigurationReference = 77CAF3C6123B48FA98F7A6AC /* Pods-Palette.debug.xcconfig */;
			buildSettings = {
				ASSETCATALOG_COMPILER_APPICON_NAME = AppIcon;
				DEVELOPMENT_TEAM = 4486G5N4E6;
				GCC_PRECOMPILE_PREFIX_HEADER = YES;
				GCC_PREFIX_HEADER = "$(SRCROOT)/$(PROJECT_NAME)/Palette.pch";
				INFOPLIST_FILE = Palette/Info.plist;
				LD_RUNPATH_SEARCH_PATHS = "$(inherited) @executable_path/Frameworks";
				PRODUCT_BUNDLE_IDENTIFIER = "Ali-Soume-e.Palette";
				PRODUCT_NAME = "$(TARGET_NAME)";
			};
			name = Debug;
		};
		A3E2BEBA1F5818B400F33E83 /* Release */ = {
			isa = XCBuildConfiguration;
			baseConfigurationReference = 93B846AEFD91E0EA28B5A5AB /* Pods-Palette.release.xcconfig */;
			buildSettings = {
				ASSETCATALOG_COMPILER_APPICON_NAME = AppIcon;
				DEVELOPMENT_TEAM = 4486G5N4E6;
				GCC_PRECOMPILE_PREFIX_HEADER = YES;
				GCC_PREFIX_HEADER = "$(SRCROOT)/$(PROJECT_NAME)/Palette.pch";
				INFOPLIST_FILE = Palette/Info.plist;
				LD_RUNPATH_SEARCH_PATHS = "$(inherited) @executable_path/Frameworks";
				PRODUCT_BUNDLE_IDENTIFIER = "Ali-Soume-e.Palette";
				PRODUCT_NAME = "$(TARGET_NAME)";
			};
			name = Release;
		};
/* End XCBuildConfiguration section */

/* Begin XCConfigurationList section */
		A3E2BE9C1F5818B400F33E83 /* Build configuration list for PBXProject "Palette" */ = {
			isa = XCConfigurationList;
			buildConfigurations = (
				A3E2BEB61F5818B400F33E83 /* Debug */,
				A3E2BEB71F5818B400F33E83 /* Release */,
			);
			defaultConfigurationIsVisible = 0;
			defaultConfigurationName = Release;
		};
		A3E2BEB81F5818B400F33E83 /* Build configuration list for PBXNativeTarget "Palette" */ = {
			isa = XCConfigurationList;
			buildConfigurations = (
				A3E2BEB91F5818B400F33E83 /* Debug */,
				A3E2BEBA1F5818B400F33E83 /* Release */,
			);
			defaultConfigurationIsVisible = 0;
			defaultConfigurationName = Release;
		};
/* End XCConfigurationList section */
	};
	rootObject = A3E2BE991F5818B400F33E83 /* Project object */;
}
